// !$*UTF8*$!
{
	archiveVersion = 1;
	classes = {
	};
	objectVersion = 46;
	objects = {

/* Begin PBXBuildFile section */
		4178287F15F1CA100054D84D /* UIKit.framework in Frameworks */ = {isa = PBXBuildFile; fileRef = 4178287E15F1CA100054D84D /* UIKit.framework */; };
		4178288115F1CA100054D84D /* Foundation.framework in Frameworks */ = {isa = PBXBuildFile; fileRef = 4178288015F1CA100054D84D /* Foundation.framework */; };
		4178288315F1CA100054D84D /* CoreGraphics.framework in Frameworks */ = {isa = PBXBuildFile; fileRef = 4178288215F1CA100054D84D /* CoreGraphics.framework */; };
		4178288915F1CA100054D84D /* InfoPlist.strings in Resources */ = {isa = PBXBuildFile; fileRef = 4178288715F1CA100054D84D /* InfoPlist.strings */; };
		4178288B15F1CA100054D84D /* main.m in Sources */ = {isa = PBXBuildFile; fileRef = 4178288A15F1CA100054D84D /* main.m */; };
		4178288F15F1CA100054D84D /* AppDelegate.m in Sources */ = {isa = PBXBuildFile; fileRef = 4178288E15F1CA100054D84D /* AppDelegate.m */; };
		4178289215F1CA100054D84D /* ViewController.m in Sources */ = {isa = PBXBuildFile; fileRef = 4178289115F1CA100054D84D /* ViewController.m */; };
		4178289515F1CA100054D84D /* ViewController.xib in Resources */ = {isa = PBXBuildFile; fileRef = 4178289315F1CA100054D84D /* ViewController.xib */; };
/* End PBXBuildFile section */

/* Begin PBXFileReference section */
		4178287A15F1CA100054D84D /* TestGitHubXcode.app */ = {isa = PBXFileReference; explicitFileType = wrapper.application; includeInIndex = 0; path = TestGitHubXcode.app; sourceTree = BUILT_PRODUCTS_DIR; };
		4178287E15F1CA100054D84D /* UIKit.framework */ = {isa = PBXFileReference; lastKnownFileType = wrapper.framework; name = UIKit.framework; path = System/Library/Frameworks/UIKit.framework; sourceTree = SDKROOT; };
		4178288015F1CA100054D84D /* Foundation.framework */ = {isa = PBXFileReference; lastKnownFileType = wrapper.framework; name = Foundation.framework; path = System/Library/Frameworks/Foundation.framework; sourceTree = SDKROOT; };
		4178288215F1CA100054D84D /* CoreGraphics.framework */ = {isa = PBXFileReference; lastKnownFileType = wrapper.framework; name = CoreGraphics.framework; path = System/Library/Frameworks/CoreGraphics.framework; sourceTree = SDKROOT; };
		4178288615F1CA100054D84D /* TestGitHubXcode-Info.plist */ = {isa = PBXFileReference; lastKnownFileType = text.plist.xml; path = "TestGitHubXcode-Info.plist"; sourceTree = "<group>"; };
		4178288815F1CA100054D84D /* en */ = {isa = PBXFileReference; lastKnownFileType = text.plist.strings; name = en; path = en.lproj/InfoPlist.strings; sourceTree = "<group>"; };
		4178288A15F1CA100054D84D /* main.m */ = {isa = PBXFileReference; lastKnownFileType = sourcecode.c.objc; path = main.m; sourceTree = "<group>"; };
		4178288C15F1CA100054D84D /* TestGitHubXcode-Prefix.pch */ = {isa = PBXFileReference; lastKnownFileType = sourcecode.c.h; path = "TestGitHubXcode-Prefix.pch"; sourceTree = "<group>"; };
		4178288D15F1CA100054D84D /* AppDelegate.h */ = {isa = PBXFileReference; lastKnownFileType = sourcecode.c.h; path = AppDelegate.h; sourceTree = "<group>"; };
		4178288E15F1CA100054D84D /* AppDelegate.m */ = {isa = PBXFileReference; lastKnownFileType = sourcecode.c.objc; path = AppDelegate.m; sourceTree = "<group>"; };
		4178289015F1CA100054D84D /* ViewController.h */ = {isa = PBXFileReference; lastKnownFileType = sourcecode.c.h; path = ViewController.h; sourceTree = "<group>"; };
		4178289115F1CA100054D84D /* ViewController.m */ = {isa = PBXFileReference; lastKnownFileType = sourcecode.c.objc; path = ViewController.m; sourceTree = "<group>"; };
		4178289415F1CA100054D84D /* en */ = {isa = PBXFileReference; lastKnownFileType = file.xib; name = en; path = en.lproj/ViewController.xib; sourceTree = "<group>"; };
/* End PBXFileReference section */

/* Begin PBXFrameworksBuildPhase section */
		4178287715F1CA100054D84D /* Frameworks */ = {
			isa = PBXFrameworksBuildPhase;
			buildActionMask = 2147483647;
			files = (
				4178287F15F1CA100054D84D /* UIKit.framework in Frameworks */,
				4178288115F1CA100054D84D /* Foundation.framework in Frameworks */,
				4178288315F1CA100054D84D /* CoreGraphics.framework in Frameworks */,
			);
			runOnlyForDeploymentPostprocessing = 0;
		};
/* End PBXFrameworksBuildPhase section */

/* Begin PBXGroup section */
		4178286F15F1CA100054D84D = {
			isa = PBXGroup;
			children = (
				4178288415F1CA100054D84D /* TestGitHubXcode */,
				4178287D15F1CA100054D84D /* Frameworks */,
				4178287B15F1CA100054D84D /* Products */,
			);
			sourceTree = "<group>";
		};
		4178287B15F1CA100054D84D /* Products */ = {
			isa = PBXGroup;
			children = (
				4178287A15F1CA100054D84D /* TestGitHubXcode.app */,
			);
			name = Products;
			sourceTree = "<group>";
		};
		4178287D15F1CA100054D84D /* Frameworks */ = {
			isa = PBXGroup;
			children = (
				4178287E15F1CA100054D84D /* UIKit.framework */,
				4178288015F1CA100054D84D /* Foundation.framework */,
				4178288215F1CA100054D84D /* CoreGraphics.framework */,
			);
			name = Frameworks;
			sourceTree = "<group>";
		};
		4178288415F1CA100054D84D /* TestGitHubXcode */ = {
			isa = PBXGroup;
			children = (
				4178288D15F1CA100054D84D /* AppDelegate.h */,
				4178288E15F1CA100054D84D /* AppDelegate.m */,
				4178289015F1CA100054D84D /* ViewController.h */,
				4178289115F1CA100054D84D /* ViewController.m */,
				4178289315F1CA100054D84D /* ViewController.xib */,
				4178288515F1CA100054D84D /* Supporting Files */,
			);
			path = TestGitHubXcode;
			sourceTree = "<group>";
		};
		4178288515F1CA100054D84D /* Supporting Files */ = {
			isa = PBXGroup;
			children = (
				4178288615F1CA100054D84D /* TestGitHubXcode-Info.plist */,
				4178288715F1CA100054D84D /* InfoPlist.strings */,
				4178288A15F1CA100054D84D /* main.m */,
				4178288C15F1CA100054D84D /* TestGitHubXcode-Prefix.pch */,
			);
			name = "Supporting Files";
			sourceTree = "<group>";
		};
/* End PBXGroup section */

/* Begin PBXNativeTarget section */
		4178287915F1CA100054D84D /* TestGitHubXcode */ = {
			isa = PBXNativeTarget;
			buildConfigurationList = 4178289815F1CA100054D84D /* Build configuration list for PBXNativeTarget "TestGitHubXcode" */;
			buildPhases = (
				4178287615F1CA100054D84D /* Sources */,
				4178287715F1CA100054D84D /* Frameworks */,
				4178287815F1CA100054D84D /* Resources */,
			);
			buildRules = (
			);
			dependencies = (
			);
			name = TestGitHubXcode;
			productName = TestGitHubXcode;
			productReference = 4178287A15F1CA100054D84D /* TestGitHubXcode.app */;
			productType = "com.apple.product-type.application";
		};
/* End PBXNativeTarget section */

/* Begin PBXProject section */
		4178287115F1CA100054D84D /* Project object */ = {
			isa = PBXProject;
			attributes = {
				LastUpgradeCheck = 0440;
				ORGANIZATIONNAME = "Praveen Viriyamethanont";
			};
			buildConfigurationList = 4178287415F1CA100054D84D /* Build configuration list for PBXProject "TestGitHubXcode" */;
			compatibilityVersion = "Xcode 3.2";
			developmentRegion = English;
			hasScannedForEncodings = 0;
			knownRegions = (
				en,
			);
			mainGroup = 4178286F15F1CA100054D84D;
			productRefGroup = 4178287B15F1CA100054D84D /* Products */;
			projectDirPath = "";
			projectRoot = "";
			targets = (
				4178287915F1CA100054D84D /* TestGitHubXcode */,
			);
		};
/* End PBXProject section */

/* Begin PBXResourcesBuildPhase section */
		4178287815F1CA100054D84D /* Resources */ = {
			isa = PBXResourcesBuildPhase;
			buildActionMask = 2147483647;
			files = (
				4178288915F1CA100054D84D /* InfoPlist.strings in Resources */,
				4178289515F1CA100054D84D /* ViewController.xib in Resources */,
			);
			runOnlyForDeploymentPostprocessing = 0;
		};
/* End PBXResourcesBuildPhase section */

/* Begin PBXSourcesBuildPhase section */
		4178287615F1CA100054D84D /* Sources */ = {
			isa = PBXSourcesBuildPhase;
			buildActionMask = 2147483647;
			files = (
				4178288B15F1CA100054D84D /* main.m in Sources */,
				4178288F15F1CA100054D84D /* AppDelegate.m in Sources */,
				4178289215F1CA100054D84D /* ViewController.m in Sources */,
			);
			runOnlyForDeploymentPostprocessing = 0;
		};
/* End PBXSourcesBuildPhase section */

/* Begin PBXVariantGroup section */
		4178288715F1CA100054D84D /* InfoPlist.strings */ = {
			isa = PBXVariantGroup;
			children = (
				4178288815F1CA100054D84D /* en */,
			);
			name = InfoPlist.strings;
			sourceTree = "<group>";
		};
		4178289315F1CA100054D84D /* ViewController.xib */ = {
			isa = PBXVariantGroup;
			children = (
				4178289415F1CA100054D84D /* en */,
			);
			name = ViewController.xib;
			sourceTree = "<group>";
		};
/* End PBXVariantGroup section */

/* Begin XCBuildConfiguration section */
		4178289615F1CA100054D84D /* Debug */ = {
			isa = XCBuildConfiguration;
			buildSettings = {
				ALWAYS_SEARCH_USER_PATHS = NO;
				ARCHS = "$(ARCHS_STANDARD_32_BIT)";
				CLANG_CXX_LANGUAGE_STANDARD = "gnu++0x";
				CLANG_ENABLE_OBJC_ARC = YES;
				CLANG_WARN__DUPLICATE_METHOD_MATCH = YES;
				"CODE_SIGN_IDENTITY[sdk=iphoneos*]" = "iPhone Developer";
				COPY_PHASE_STRIP = NO;
				GCC_C_LANGUAGE_STANDARD = gnu99;
				GCC_DYNAMIC_NO_PIC = NO;
				GCC_OPTIMIZATION_LEVEL = 0;
				GCC_PREPROCESSOR_DEFINITIONS = (
					"DEBUG=1",
					"$(inherited)",
				);
				GCC_SYMBOLS_PRIVATE_EXTERN = NO;
				GCC_VERSION = com.apple.compilers.llvm.clang.1_0;
				GCC_WARN_ABOUT_RETURN_TYPE = YES;
				GCC_WARN_UNINITIALIZED_AUTOS = YES;
				GCC_WARN_UNUSED_VARIABLE = YES;
				IPHONEOS_DEPLOYMENT_TARGET = 5.1;
				SDKROOT = iphoneos;
			};
			name = Debug;
		};
		4178289715F1CA100054D84D /* Release */ = {
			isa = XCBuildConfiguration;
			buildSettings = {
				ALWAYS_SEARCH_USER_PATHS = NO;
				ARCHS = "$(ARCHS_STANDARD_32_BIT)";
				CLANG_CXX_LANGUAGE_STANDARD = "gnu++0x";
				CLANG_ENABLE_OBJC_ARC = YES;
				CLANG_WARN__DUPLICATE_METHOD_MATCH = YES;
				"CODE_SIGN_IDENTITY[sdk=iphoneos*]" = "iPhone Developer";
				COPY_PHASE_STRIP = YES;
				GCC_C_LANGUAGE_STANDARD = gnu99;
				GCC_VERSION = com.apple.compilers.llvm.clang.1_0;
				GCC_WARN_ABOUT_RETURN_TYPE = YES;
				GCC_WARN_UNINITIALIZED_AUTOS = YES;
				GCC_WARN_UNUSED_VARIABLE = YES;
				IPHONEOS_DEPLOYMENT_TARGET = 5.1;
				OTHER_CFLAGS = "-DNS_BLOCK_ASSERTIONS=1";
				SDKROOT = iphoneos;
				VALIDATE_PRODUCT = YES;
			};
			name = Release;
		};
		4178289915F1CA100054D84D /* Debug */ = {
			isa = XCBuildConfiguration;
			buildSettings = {
				GCC_PRECOMPILE_PREFIX_HEADER = YES;
				GCC_PREFIX_HEADER = "TestGitHubXcode/TestGitHubXcode-Prefix.pch";
				INFOPLIST_FILE = "TestGitHubXcode/TestGitHubXcode-Info.plist";
				PRODUCT_NAME = "$(TARGET_NAME)";
				WRAPPER_EXTENSION = app;
			};
			name = Debug;
		};
		4178289A15F1CA100054D84D /* Release */ = {
			isa = XCBuildConfiguration;
			buildSettings = {
				GCC_PRECOMPILE_PREFIX_HEADER = YES;
				GCC_PREFIX_HEADER = "TestGitHubXcode/TestGitHubXcode-Prefix.pch";
				INFOPLIST_FILE = "TestGitHubXcode/TestGitHubXcode-Info.plist";
				PRODUCT_NAME = "$(TARGET_NAME)";
				WRAPPER_EXTENSION = app;
			};
			name = Release;
		};
/* End XCBuildConfiguration section */

/* Begin XCConfigurationList section */
		4178287415F1CA100054D84D /* Build configuration list for PBXProject "TestGitHubXcode" */ = {
			isa = XCConfigurationList;
			buildConfigurations = (
				4178289615F1CA100054D84D /* Debug */,
				4178289715F1CA100054D84D /* Release */,
			);
			defaultConfigurationIsVisible = 0;
			defaultConfigurationName = Release;
		};
		4178289815F1CA100054D84D /* Build configuration list for PBXNativeTarget "TestGitHubXcode" */ = {
			isa = XCConfigurationList;
			buildConfigurations = (
				4178289915F1CA100054D84D /* Debug */,
				4178289A15F1CA100054D84D /* Release */,
			);
			defaultConfigurationIsVisible = 0;
		};
/* End XCConfigurationList section */
	};
	rootObject = 4178287115F1CA100054D84D /* Project object */;
}
